// !$*UTF8*$!
{
	archiveVersion = 1;
	classes = {
	};
	objectVersion = 50;
	objects = {

/* Begin PBXBuildFile section */
		0D894AC3219BCAADBC39AB88 /* libPods-ExampleUITests.a in Frameworks */ = {isa = PBXBuildFile; fileRef = B424B779B3F657D6592A3D8D /* libPods-ExampleUITests.a */; };
		34C440CFD3F8CD4BB979011C /* libPods-Example.a in Frameworks */ = {isa = PBXBuildFile; fileRef = 3935A91BA97FC8F54C9CEAC8 /* libPods-Example.a */; };
		B742AD1724A1A1F400A60457 /* AppDelegate.m in Sources */ = {isa = PBXBuildFile; fileRef = B742AD1624A1A1F400A60457 /* AppDelegate.m */; };
		B742AD1D24A1A1F400A60457 /* ViewController.m in Sources */ = {isa = PBXBuildFile; fileRef = B742AD1C24A1A1F400A60457 /* ViewController.m */; };
		B742AD2024A1A1F400A60457 /* Main.storyboard in Resources */ = {isa = PBXBuildFile; fileRef = B742AD1E24A1A1F400A60457 /* Main.storyboard */; };
		B742AD2224A1A1F700A60457 /* Assets.xcassets in Resources */ = {isa = PBXBuildFile; fileRef = B742AD2124A1A1F700A60457 /* Assets.xcassets */; };
		B742AD2524A1A1F700A60457 /* LaunchScreen.storyboard in Resources */ = {isa = PBXBuildFile; fileRef = B742AD2324A1A1F700A60457 /* LaunchScreen.storyboard */; };
		B742AD2824A1A1F700A60457 /* main.m in Sources */ = {isa = PBXBuildFile; fileRef = B742AD2724A1A1F700A60457 /* main.m */; };
		B742AD3224A1A1F700A60457 /* ExampleTests.m in Sources */ = {isa = PBXBuildFile; fileRef = B742AD3124A1A1F700A60457 /* ExampleTests.m */; };
		B742AD3D24A1A1F700A60457 /* ExampleUITests.m in Sources */ = {isa = PBXBuildFile; fileRef = B742AD3C24A1A1F700A60457 /* ExampleUITests.m */; };
		B742AD6024A1FD6500A60457 /* MyCell.m in Sources */ = {isa = PBXBuildFile; fileRef = B742AD5F24A1FD6500A60457 /* MyCell.m */; };
		B7F3A4BD24DD01CE005B2E76 /* SingleViewController.m in Sources */ = {isa = PBXBuildFile; fileRef = B7F3A4BC24DD01CE005B2E76 /* SingleViewController.m */; };
		B7F3A4C224DD3E68005B2E76 /* MultiViewController.m in Sources */ = {isa = PBXBuildFile; fileRef = B7F3A4C124DD3E68005B2E76 /* MultiViewController.m */; };
		B7F3A4CE24DD3F2C005B2E76 /* ComplexViewController.m in Sources */ = {isa = PBXBuildFile; fileRef = B7F3A4CD24DD3F2C005B2E76 /* ComplexViewController.m */; };
		B7F3A4D924E16B6B005B2E76 /* ComplexView.m in Sources */ = {isa = PBXBuildFile; fileRef = B7F3A4D824E16B6B005B2E76 /* ComplexView.m */; };
		B7F3A4DC24E16B7C005B2E76 /* ComplexCell.m in Sources */ = {isa = PBXBuildFile; fileRef = B7F3A4DB24E16B7C005B2E76 /* ComplexCell.m */; };
		B7F3A4DF24E26C04005B2E76 /* ComplexEntity.m in Sources */ = {isa = PBXBuildFile; fileRef = B7F3A4DE24E26C04005B2E76 /* ComplexEntity.m */; };
		D72EB7289B763DAA4DB0862D /* libPods-ExampleTests.a in Frameworks */ = {isa = PBXBuildFile; fileRef = 94934E1B552DCE5F2A124CE3 /* libPods-ExampleTests.a */; };
/* End PBXBuildFile section */

/* Begin PBXContainerItemProxy section */
		B742AD2E24A1A1F700A60457 /* PBXContainerItemProxy */ = {
			isa = PBXContainerItemProxy;
			containerPortal = B742AD0A24A1A1F400A60457 /* Project object */;
			proxyType = 1;
			remoteGlobalIDString = B742AD1124A1A1F400A60457;
			remoteInfo = Example;
		};
		B742AD3924A1A1F700A60457 /* PBXContainerItemProxy */ = {
			isa = PBXContainerItemProxy;
			containerPortal = B742AD0A24A1A1F400A60457 /* Project object */;
			proxyType = 1;
			remoteGlobalIDString = B742AD1124A1A1F400A60457;
			remoteInfo = Example;
		};
/* End PBXContainerItemProxy section */

/* Begin PBXFileReference section */
		04B670D5155E33BE326F5EB8 /* Pods-Example.debug.xcconfig */ = {isa = PBXFileReference; includeInIndex = 1; lastKnownFileType = text.xcconfig; name = "Pods-Example.debug.xcconfig"; path = "Pods/Target Support Files/Pods-Example/Pods-Example.debug.xcconfig"; sourceTree = "<group>"; };
		3935A91BA97FC8F54C9CEAC8 /* libPods-Example.a */ = {isa = PBXFileReference; explicitFileType = archive.ar; includeInIndex = 0; path = "libPods-Example.a"; sourceTree = BUILT_PRODUCTS_DIR; };
		4911726E34195410BD3ABA6B /* Pods-Example.release.xcconfig */ = {isa = PBXFileReference; includeInIndex = 1; lastKnownFileType = text.xcconfig; name = "Pods-Example.release.xcconfig"; path = "Pods/Target Support Files/Pods-Example/Pods-Example.release.xcconfig"; sourceTree = "<group>"; };
		5B45BC8B3F46ABBD53CE4FC2 /* Pods-ExampleUITests.debug.xcconfig */ = {isa = PBXFileReference; includeInIndex = 1; lastKnownFileType = text.xcconfig; name = "Pods-ExampleUITests.debug.xcconfig"; path = "Pods/Target Support Files/Pods-ExampleUITests/Pods-ExampleUITests.debug.xcconfig"; sourceTree = "<group>"; };
		628579E71090A193FDDC173E /* Pods-ExampleUITests.release.xcconfig */ = {isa = PBXFileReference; includeInIndex = 1; lastKnownFileType = text.xcconfig; name = "Pods-ExampleUITests.release.xcconfig"; path = "Pods/Target Support Files/Pods-ExampleUITests/Pods-ExampleUITests.release.xcconfig"; sourceTree = "<group>"; };
		94934E1B552DCE5F2A124CE3 /* libPods-ExampleTests.a */ = {isa = PBXFileReference; explicitFileType = archive.ar; includeInIndex = 0; path = "libPods-ExampleTests.a"; sourceTree = BUILT_PRODUCTS_DIR; };
		B424B779B3F657D6592A3D8D /* libPods-ExampleUITests.a */ = {isa = PBXFileReference; explicitFileType = archive.ar; includeInIndex = 0; path = "libPods-ExampleUITests.a"; sourceTree = BUILT_PRODUCTS_DIR; };
		B4EB2A99B515BF6493D89F04 /* Pods-ExampleTests.debug.xcconfig */ = {isa = PBXFileReference; includeInIndex = 1; lastKnownFileType = text.xcconfig; name = "Pods-ExampleTests.debug.xcconfig"; path = "Pods/Target Support Files/Pods-ExampleTests/Pods-ExampleTests.debug.xcconfig"; sourceTree = "<group>"; };
		B742AD1224A1A1F400A60457 /* Example.app */ = {isa = PBXFileReference; explicitFileType = wrapper.application; includeInIndex = 0; path = Example.app; sourceTree = BUILT_PRODUCTS_DIR; };
		B742AD1524A1A1F400A60457 /* AppDelegate.h */ = {isa = PBXFileReference; lastKnownFileType = sourcecode.c.h; path = AppDelegate.h; sourceTree = "<group>"; };
		B742AD1624A1A1F400A60457 /* AppDelegate.m */ = {isa = PBXFileReference; lastKnownFileType = sourcecode.c.objc; path = AppDelegate.m; sourceTree = "<group>"; };
		B742AD1B24A1A1F400A60457 /* ViewController.h */ = {isa = PBXFileReference; lastKnownFileType = sourcecode.c.h; path = ViewController.h; sourceTree = "<group>"; };
		B742AD1C24A1A1F400A60457 /* ViewController.m */ = {isa = PBXFileReference; lastKnownFileType = sourcecode.c.objc; path = ViewController.m; sourceTree = "<group>"; };
		B742AD1F24A1A1F400A60457 /* Base */ = {isa = PBXFileReference; lastKnownFileType = file.storyboard; name = Base; path = Base.lproj/Main.storyboard; sourceTree = "<group>"; };
		B742AD2124A1A1F700A60457 /* Assets.xcassets */ = {isa = PBXFileReference; lastKnownFileType = folder.assetcatalog; path = Assets.xcassets; sourceTree = "<group>"; };
		B742AD2424A1A1F700A60457 /* Base */ = {isa = PBXFileReference; lastKnownFileType = file.storyboard; name = Base; path = Base.lproj/LaunchScreen.storyboard; sourceTree = "<group>"; };
		B742AD2624A1A1F700A60457 /* Info.plist */ = {isa = PBXFileReference; lastKnownFileType = text.plist.xml; path = Info.plist; sourceTree = "<group>"; };
		B742AD2724A1A1F700A60457 /* main.m */ = {isa = PBXFileReference; lastKnownFileType = sourcecode.c.objc; path = main.m; sourceTree = "<group>"; };
		B742AD2D24A1A1F700A60457 /* ExampleTests.xctest */ = {isa = PBXFileReference; explicitFileType = wrapper.cfbundle; includeInIndex = 0; path = ExampleTests.xctest; sourceTree = BUILT_PRODUCTS_DIR; };
		B742AD3124A1A1F700A60457 /* ExampleTests.m */ = {isa = PBXFileReference; lastKnownFileType = sourcecode.c.objc; path = ExampleTests.m; sourceTree = "<group>"; };
		B742AD3324A1A1F700A60457 /* Info.plist */ = {isa = PBXFileReference; lastKnownFileType = text.plist.xml; path = Info.plist; sourceTree = "<group>"; };
		B742AD3824A1A1F700A60457 /* ExampleUITests.xctest */ = {isa = PBXFileReference; explicitFileType = wrapper.cfbundle; includeInIndex = 0; path = ExampleUITests.xctest; sourceTree = BUILT_PRODUCTS_DIR; };
		B742AD3C24A1A1F700A60457 /* ExampleUITests.m */ = {isa = PBXFileReference; lastKnownFileType = sourcecode.c.objc; path = ExampleUITests.m; sourceTree = "<group>"; };
		B742AD3E24A1A1F700A60457 /* Info.plist */ = {isa = PBXFileReference; lastKnownFileType = text.plist.xml; path = Info.plist; sourceTree = "<group>"; };
		B742AD5E24A1FD6500A60457 /* MyCell.h */ = {isa = PBXFileReference; lastKnownFileType = sourcecode.c.h; path = MyCell.h; sourceTree = "<group>"; };
		B742AD5F24A1FD6500A60457 /* MyCell.m */ = {isa = PBXFileReference; lastKnownFileType = sourcecode.c.objc; path = MyCell.m; sourceTree = "<group>"; };
		B7F3A4BB24DD01CE005B2E76 /* SingleViewController.h */ = {isa = PBXFileReference; lastKnownFileType = sourcecode.c.h; path = SingleViewController.h; sourceTree = "<group>"; };
		B7F3A4BC24DD01CE005B2E76 /* SingleViewController.m */ = {isa = PBXFileReference; lastKnownFileType = sourcecode.c.objc; path = SingleViewController.m; sourceTree = "<group>"; };
		B7F3A4BF24DD3D45005B2E76 /* Defines.h */ = {isa = PBXFileReference; lastKnownFileType = sourcecode.c.h; path = Defines.h; sourceTree = "<group>"; };
		B7F3A4C024DD3E67005B2E76 /* MultiViewController.h */ = {isa = PBXFileReference; lastKnownFileType = sourcecode.c.h; path = MultiViewController.h; sourceTree = "<group>"; };
		B7F3A4C124DD3E68005B2E76 /* MultiViewController.m */ = {isa = PBXFileReference; lastKnownFileType = sourcecode.c.objc; path = MultiViewController.m; sourceTree = "<group>"; };
		B7F3A4CC24DD3F2C005B2E76 /* ComplexViewController.h */ = {isa = PBXFileReference; lastKnownFileType = sourcecode.c.h; path = ComplexViewController.h; sourceTree = "<group>"; };
		B7F3A4CD24DD3F2C005B2E76 /* ComplexViewController.m */ = {isa = PBXFileReference; lastKnownFileType = sourcecode.c.objc; path = ComplexViewController.m; sourceTree = "<group>"; };
		B7F3A4D724E16B6B005B2E76 /* ComplexView.h */ = {isa = PBXFileReference; lastKnownFileType = sourcecode.c.h; path = ComplexView.h; sourceTree = "<group>"; };
		B7F3A4D824E16B6B005B2E76 /* ComplexView.m */ = {isa = PBXFileReference; lastKnownFileType = sourcecode.c.objc; path = ComplexView.m; sourceTree = "<group>"; };
		B7F3A4DA24E16B7C005B2E76 /* ComplexCell.h */ = {isa = PBXFileReference; lastKnownFileType = sourcecode.c.h; path = ComplexCell.h; sourceTree = "<group>"; };
		B7F3A4DB24E16B7C005B2E76 /* ComplexCell.m */ = {isa = PBXFileReference; lastKnownFileType = sourcecode.c.objc; path = ComplexCell.m; sourceTree = "<group>"; };
		B7F3A4DD24E26C04005B2E76 /* ComplexEntity.h */ = {isa = PBXFileReference; lastKnownFileType = sourcecode.c.h; path = ComplexEntity.h; sourceTree = "<group>"; };
		B7F3A4DE24E26C04005B2E76 /* ComplexEntity.m */ = {isa = PBXFileReference; lastKnownFileType = sourcecode.c.objc; path = ComplexEntity.m; sourceTree = "<group>"; };
		D1B3494607DB7E802081C8D9 /* Pods-ExampleTests.release.xcconfig */ = {isa = PBXFileReference; includeInIndex = 1; lastKnownFileType = text.xcconfig; name = "Pods-ExampleTests.release.xcconfig"; path = "Pods/Target Support Files/Pods-ExampleTests/Pods-ExampleTests.release.xcconfig"; sourceTree = "<group>"; };
/* End PBXFileReference section */

/* Begin PBXFrameworksBuildPhase section */
		B742AD0F24A1A1F400A60457 /* Frameworks */ = {
			isa = PBXFrameworksBuildPhase;
			buildActionMask = 2147483647;
			files = (
				34C440CFD3F8CD4BB979011C /* libPods-Example.a in Frameworks */,
			);
			runOnlyForDeploymentPostprocessing = 0;
		};
		B742AD2A24A1A1F700A60457 /* Frameworks */ = {
			isa = PBXFrameworksBuildPhase;
			buildActionMask = 2147483647;
			files = (
				D72EB7289B763DAA4DB0862D /* libPods-ExampleTests.a in Frameworks */,
			);
			runOnlyForDeploymentPostprocessing = 0;
		};
		B742AD3524A1A1F700A60457 /* Frameworks */ = {
			isa = PBXFrameworksBuildPhase;
			buildActionMask = 2147483647;
			files = (
				0D894AC3219BCAADBC39AB88 /* libPods-ExampleUITests.a in Frameworks */,
			);
			runOnlyForDeploymentPostprocessing = 0;
		};
/* End PBXFrameworksBuildPhase section */

/* Begin PBXGroup section */
		18288C09FBC564D9FE178BEB /* Frameworks */ = {
			isa = PBXGroup;
			children = (
				3935A91BA97FC8F54C9CEAC8 /* libPods-Example.a */,
				94934E1B552DCE5F2A124CE3 /* libPods-ExampleTests.a */,
				B424B779B3F657D6592A3D8D /* libPods-ExampleUITests.a */,
			);
			name = Frameworks;
			sourceTree = "<group>";
		};
		7F826F1C43D45870E468168C /* Pods */ = {
			isa = PBXGroup;
			children = (
				04B670D5155E33BE326F5EB8 /* Pods-Example.debug.xcconfig */,
				4911726E34195410BD3ABA6B /* Pods-Example.release.xcconfig */,
				B4EB2A99B515BF6493D89F04 /* Pods-ExampleTests.debug.xcconfig */,
				D1B3494607DB7E802081C8D9 /* Pods-ExampleTests.release.xcconfig */,
				5B45BC8B3F46ABBD53CE4FC2 /* Pods-ExampleUITests.debug.xcconfig */,
				628579E71090A193FDDC173E /* Pods-ExampleUITests.release.xcconfig */,
			);
			name = Pods;
			sourceTree = "<group>";
		};
		B742AD0924A1A1F400A60457 = {
			isa = PBXGroup;
			children = (
				B742AD1424A1A1F400A60457 /* Example */,
				B742AD3024A1A1F700A60457 /* ExampleTests */,
				B742AD3B24A1A1F700A60457 /* ExampleUITests */,
				B742AD1324A1A1F400A60457 /* Products */,
				7F826F1C43D45870E468168C /* Pods */,
				18288C09FBC564D9FE178BEB /* Frameworks */,
			);
			sourceTree = "<group>";
		};
		B742AD1324A1A1F400A60457 /* Products */ = {
			isa = PBXGroup;
			children = (
				B742AD1224A1A1F400A60457 /* Example.app */,
				B742AD2D24A1A1F700A60457 /* ExampleTests.xctest */,
				B742AD3824A1A1F700A60457 /* ExampleUITests.xctest */,
			);
			name = Products;
			sourceTree = "<group>";
		};
		B742AD1424A1A1F400A60457 /* Example */ = {
			isa = PBXGroup;
			children = (
				B742AD1524A1A1F400A60457 /* AppDelegate.h */,
				B742AD1624A1A1F400A60457 /* AppDelegate.m */,
				B742AD1B24A1A1F400A60457 /* ViewController.h */,
				B742AD1C24A1A1F400A60457 /* ViewController.m */,
				B7F3A4BA24DD0161005B2E76 /* Demo */,
				B742AD5E24A1FD6500A60457 /* MyCell.h */,
				B742AD5F24A1FD6500A60457 /* MyCell.m */,
				B742AD1E24A1A1F400A60457 /* Main.storyboard */,
				B742AD2124A1A1F700A60457 /* Assets.xcassets */,
				B742AD2324A1A1F700A60457 /* LaunchScreen.storyboard */,
				B742AD2624A1A1F700A60457 /* Info.plist */,
				B742AD2724A1A1F700A60457 /* main.m */,
			);
			path = Example;
			sourceTree = "<group>";
		};
		B742AD3024A1A1F700A60457 /* ExampleTests */ = {
			isa = PBXGroup;
			children = (
				B742AD3124A1A1F700A60457 /* ExampleTests.m */,
				B742AD3324A1A1F700A60457 /* Info.plist */,
			);
			path = ExampleTests;
			sourceTree = "<group>";
		};
		B742AD3B24A1A1F700A60457 /* ExampleUITests */ = {
			isa = PBXGroup;
			children = (
				B742AD3C24A1A1F700A60457 /* ExampleUITests.m */,
				B742AD3E24A1A1F700A60457 /* Info.plist */,
			);
			path = ExampleUITests;
			sourceTree = "<group>";
		};
		B7F3A4BA24DD0161005B2E76 /* Demo */ = {
			isa = PBXGroup;
			children = (
				B7F3A4BF24DD3D45005B2E76 /* Defines.h */,
				B7F3A4BB24DD01CE005B2E76 /* SingleViewController.h */,
				B7F3A4BC24DD01CE005B2E76 /* SingleViewController.m */,
				B7F3A4C024DD3E67005B2E76 /* MultiViewController.h */,
				B7F3A4C124DD3E68005B2E76 /* MultiViewController.m */,
				B7F3A4CC24DD3F2C005B2E76 /* ComplexViewController.h */,
				B7F3A4CD24DD3F2C005B2E76 /* ComplexViewController.m */,
				B7F3A4D724E16B6B005B2E76 /* ComplexView.h */,
				B7F3A4D824E16B6B005B2E76 /* ComplexView.m */,
				B7F3A4DA24E16B7C005B2E76 /* ComplexCell.h */,
				B7F3A4DB24E16B7C005B2E76 /* ComplexCell.m */,
				B7F3A4DD24E26C04005B2E76 /* ComplexEntity.h */,
				B7F3A4DE24E26C04005B2E76 /* ComplexEntity.m */,
			);
			path = Demo;
			sourceTree = "<group>";
		};
/* End PBXGroup section */

/* Begin PBXNativeTarget section */
		B742AD1124A1A1F400A60457 /* Example */ = {
			isa = PBXNativeTarget;
			buildConfigurationList = B742AD4124A1A1F700A60457 /* Build configuration list for PBXNativeTarget "Example" */;
			buildPhases = (
				88ABDAB1280D52F499E1F812 /* [CP] Check Pods Manifest.lock */,
				B742AD0E24A1A1F400A60457 /* Sources */,
				B742AD0F24A1A1F400A60457 /* Frameworks */,
				B742AD1024A1A1F400A60457 /* Resources */,
			);
			buildRules = (
			);
			dependencies = (
			);
			name = Example;
			productName = Example;
			productReference = B742AD1224A1A1F400A60457 /* Example.app */;
			productType = "com.apple.product-type.application";
		};
		B742AD2C24A1A1F700A60457 /* ExampleTests */ = {
			isa = PBXNativeTarget;
			buildConfigurationList = B742AD4424A1A1F700A60457 /* Build configuration list for PBXNativeTarget "ExampleTests" */;
			buildPhases = (
				79202097D8900E42D6515BB6 /* [CP] Check Pods Manifest.lock */,
				B742AD2924A1A1F700A60457 /* Sources */,
				B742AD2A24A1A1F700A60457 /* Frameworks */,
				B742AD2B24A1A1F700A60457 /* Resources */,
			);
			buildRules = (
			);
			dependencies = (
				B742AD2F24A1A1F700A60457 /* PBXTargetDependency */,
			);
			name = ExampleTests;
			productName = ExampleTests;
			productReference = B742AD2D24A1A1F700A60457 /* ExampleTests.xctest */;
			productType = "com.apple.product-type.bundle.unit-test";
		};
		B742AD3724A1A1F700A60457 /* ExampleUITests */ = {
			isa = PBXNativeTarget;
			buildConfigurationList = B742AD4724A1A1F700A60457 /* Build configuration list for PBXNativeTarget "ExampleUITests" */;
			buildPhases = (
				965A8135409FBCA8E8583F36 /* [CP] Check Pods Manifest.lock */,
				B742AD3424A1A1F700A60457 /* Sources */,
				B742AD3524A1A1F700A60457 /* Frameworks */,
				B742AD3624A1A1F700A60457 /* Resources */,
			);
			buildRules = (
			);
			dependencies = (
				B742AD3A24A1A1F700A60457 /* PBXTargetDependency */,
			);
			name = ExampleUITests;
			productName = ExampleUITests;
			productReference = B742AD3824A1A1F700A60457 /* ExampleUITests.xctest */;
			productType = "com.apple.product-type.bundle.ui-testing";
		};
/* End PBXNativeTarget section */

/* Begin PBXProject section */
		B742AD0A24A1A1F400A60457 /* Project object */ = {
			isa = PBXProject;
			attributes = {
				LastUpgradeCheck = 1110;
				ORGANIZATIONNAME = hang_pan;
				TargetAttributes = {
					B742AD1124A1A1F400A60457 = {
						CreatedOnToolsVersion = 11.1;
					};
					B742AD2C24A1A1F700A60457 = {
						CreatedOnToolsVersion = 11.1;
						TestTargetID = B742AD1124A1A1F400A60457;
					};
					B742AD3724A1A1F700A60457 = {
						CreatedOnToolsVersion = 11.1;
						TestTargetID = B742AD1124A1A1F400A60457;
					};
				};
			};
			buildConfigurationList = B742AD0D24A1A1F400A60457 /* Build configuration list for PBXProject "Example" */;
			compatibilityVersion = "Xcode 9.3";
			developmentRegion = en;
			hasScannedForEncodings = 0;
			knownRegions = (
				en,
				Base,
			);
			mainGroup = B742AD0924A1A1F400A60457;
			productRefGroup = B742AD1324A1A1F400A60457 /* Products */;
			projectDirPath = "";
			projectRoot = "";
			targets = (
				B742AD1124A1A1F400A60457 /* Example */,
				B742AD2C24A1A1F700A60457 /* ExampleTests */,
				B742AD3724A1A1F700A60457 /* ExampleUITests */,
			);
		};
/* End PBXProject section */

/* Begin PBXResourcesBuildPhase section */
		B742AD1024A1A1F400A60457 /* Resources */ = {
			isa = PBXResourcesBuildPhase;
			buildActionMask = 2147483647;
			files = (
				B742AD2524A1A1F700A60457 /* LaunchScreen.storyboard in Resources */,
				B742AD2224A1A1F700A60457 /* Assets.xcassets in Resources */,
				B742AD2024A1A1F400A60457 /* Main.storyboard in Resources */,
			);
			runOnlyForDeploymentPostprocessing = 0;
		};
		B742AD2B24A1A1F700A60457 /* Resources */ = {
			isa = PBXResourcesBuildPhase;
			buildActionMask = 2147483647;
			files = (
			);
			runOnlyForDeploymentPostprocessing = 0;
		};
		B742AD3624A1A1F700A60457 /* Resources */ = {
			isa = PBXResourcesBuildPhase;
			buildActionMask = 2147483647;
			files = (
			);
			runOnlyForDeploymentPostprocessing = 0;
		};
/* End PBXResourcesBuildPhase section */

/* Begin PBXShellScriptBuildPhase section */
		79202097D8900E42D6515BB6 /* [CP] Check Pods Manifest.lock */ = {
			isa = PBXShellScriptBuildPhase;
			buildActionMask = 2147483647;
			files = (
			);
			inputFileListPaths = (
			);
			inputPaths = (
				"${PODS_PODFILE_DIR_PATH}/Podfile.lock",
				"${PODS_ROOT}/Manifest.lock",
			);
			name = "[CP] Check Pods Manifest.lock";
			outputFileListPaths = (
			);
			outputPaths = (
				"$(DERIVED_FILE_DIR)/Pods-ExampleTests-checkManifestLockResult.txt",
			);
			runOnlyForDeploymentPostprocessing = 0;
			shellPath = /bin/sh;
			shellScript = "diff \"${PODS_PODFILE_DIR_PATH}/Podfile.lock\" \"${PODS_ROOT}/Manifest.lock\" > /dev/null\nif [ $? != 0 ] ; then\n    # print error to STDERR\n    echo \"error: The sandbox is not in sync with the Podfile.lock. Run 'pod install' or update your CocoaPods installation.\" >&2\n    exit 1\nfi\n# This output is used by Xcode 'outputs' to avoid re-running this script phase.\necho \"SUCCESS\" > \"${SCRIPT_OUTPUT_FILE_0}\"\n";
			showEnvVarsInLog = 0;
		};
		88ABDAB1280D52F499E1F812 /* [CP] Check Pods Manifest.lock */ = {
			isa = PBXShellScriptBuildPhase;
			buildActionMask = 2147483647;
			files = (
			);
			inputFileListPaths = (
			);
			inputPaths = (
				"${PODS_PODFILE_DIR_PATH}/Podfile.lock",
				"${PODS_ROOT}/Manifest.lock",
			);
			name = "[CP] Check Pods Manifest.lock";
			outputFileListPaths = (
			);
			outputPaths = (
				"$(DERIVED_FILE_DIR)/Pods-Example-checkManifestLockResult.txt",
			);
			runOnlyForDeploymentPostprocessing = 0;
			shellPath = /bin/sh;
			shellScript = "diff \"${PODS_PODFILE_DIR_PATH}/Podfile.lock\" \"${PODS_ROOT}/Manifest.lock\" > /dev/null\nif [ $? != 0 ] ; then\n    # print error to STDERR\n    echo \"error: The sandbox is not in sync with the Podfile.lock. Run 'pod install' or update your CocoaPods installation.\" >&2\n    exit 1\nfi\n# This output is used by Xcode 'outputs' to avoid re-running this script phase.\necho \"SUCCESS\" > \"${SCRIPT_OUTPUT_FILE_0}\"\n";
			showEnvVarsInLog = 0;
		};
		965A8135409FBCA8E8583F36 /* [CP] Check Pods Manifest.lock */ = {
			isa = PBXShellScriptBuildPhase;
			buildActionMask = 2147483647;
			files = (
			);
			inputFileListPaths = (
			);
			inputPaths = (
				"${PODS_PODFILE_DIR_PATH}/Podfile.lock",
				"${PODS_ROOT}/Manifest.lock",
			);
			name = "[CP] Check Pods Manifest.lock";
			outputFileListPaths = (
			);
			outputPaths = (
				"$(DERIVED_FILE_DIR)/Pods-ExampleUITests-checkManifestLockResult.txt",
			);
			runOnlyForDeploymentPostprocessing = 0;
			shellPath = /bin/sh;
			shellScript = "diff \"${PODS_PODFILE_DIR_PATH}/Podfile.lock\" \"${PODS_ROOT}/Manifest.lock\" > /dev/null\nif [ $? != 0 ] ; then\n    # print error to STDERR\n    echo \"error: The sandbox is not in sync with the Podfile.lock. Run 'pod install' or update your CocoaPods installation.\" >&2\n    exit 1\nfi\n# This output is used by Xcode 'outputs' to avoid re-running this script phase.\necho \"SUCCESS\" > \"${SCRIPT_OUTPUT_FILE_0}\"\n";
			showEnvVarsInLog = 0;
		};
/* End PBXShellScriptBuildPhase section */

/* Begin PBXSourcesBuildPhase section */
		B742AD0E24A1A1F400A60457 /* Sources */ = {
			isa = PBXSourcesBuildPhase;
			buildActionMask = 2147483647;
			files = (
				B7F3A4C224DD3E68005B2E76 /* MultiViewController.m in Sources */,
				B742AD1D24A1A1F400A60457 /* ViewController.m in Sources */,
				B742AD1724A1A1F400A60457 /* AppDelegate.m in Sources */,
				B7F3A4D924E16B6B005B2E76 /* ComplexView.m in Sources */,
				B7F3A4DC24E16B7C005B2E76 /* ComplexCell.m in Sources */,
				B7F3A4BD24DD01CE005B2E76 /* SingleViewController.m in Sources */,
				B742AD2824A1A1F700A60457 /* main.m in Sources */,
				B7F3A4CE24DD3F2C005B2E76 /* ComplexViewController.m in Sources */,
				B742AD6024A1FD6500A60457 /* MyCell.m in Sources */,
				B7F3A4DF24E26C04005B2E76 /* ComplexEntity.m in Sources */,
			);
			runOnlyForDeploymentPostprocessing = 0;
		};
		B742AD2924A1A1F700A60457 /* Sources */ = {
			isa = PBXSourcesBuildPhase;
			buildActionMask = 2147483647;
			files = (
				B742AD3224A1A1F700A60457 /* ExampleTests.m in Sources */,
			);
			runOnlyForDeploymentPostprocessing = 0;
		};
		B742AD3424A1A1F700A60457 /* Sources */ = {
			isa = PBXSourcesBuildPhase;
			buildActionMask = 2147483647;
			files = (
				B742AD3D24A1A1F700A60457 /* ExampleUITests.m in Sources */,
			);
			runOnlyForDeploymentPostprocessing = 0;
		};
/* End PBXSourcesBuildPhase section */

/* Begin PBXTargetDependency section */
		B742AD2F24A1A1F700A60457 /* PBXTargetDependency */ = {
			isa = PBXTargetDependency;
			target = B742AD1124A1A1F400A60457 /* Example */;
			targetProxy = B742AD2E24A1A1F700A60457 /* PBXContainerItemProxy */;
		};
		B742AD3A24A1A1F700A60457 /* PBXTargetDependency */ = {
			isa = PBXTargetDependency;
			target = B742AD1124A1A1F400A60457 /* Example */;
			targetProxy = B742AD3924A1A1F700A60457 /* PBXContainerItemProxy */;
		};
/* End PBXTargetDependency section */

/* Begin PBXVariantGroup section */
		B742AD1E24A1A1F400A60457 /* Main.storyboard */ = {
			isa = PBXVariantGroup;
			children = (
				B742AD1F24A1A1F400A60457 /* Base */,
			);
			name = Main.storyboard;
			sourceTree = "<group>";
		};
		B742AD2324A1A1F700A60457 /* LaunchScreen.storyboard */ = {
			isa = PBXVariantGroup;
			children = (
				B742AD2424A1A1F700A60457 /* Base */,
			);
			name = LaunchScreen.storyboard;
			sourceTree = "<group>";
		};
/* End PBXVariantGroup section */

/* Begin XCBuildConfiguration section */
		B742AD3F24A1A1F700A60457 /* Debug */ = {
			isa = XCBuildConfiguration;
			buildSettings = {
				ALWAYS_SEARCH_USER_PATHS = NO;
				CLANG_ANALYZER_NONNULL = YES;
				CLANG_ANALYZER_NUMBER_OBJECT_CONVERSION = YES_AGGRESSIVE;
				CLANG_CXX_LANGUAGE_STANDARD = "gnu++14";
				CLANG_CXX_LIBRARY = "libc++";
				CLANG_ENABLE_MODULES = YES;
				CLANG_ENABLE_OBJC_ARC = YES;
				CLANG_ENABLE_OBJC_WEAK = YES;
				CLANG_WARN_BLOCK_CAPTURE_AUTORELEASING = YES;
				CLANG_WARN_BOOL_CONVERSION = YES;
				CLANG_WARN_COMMA = YES;
				CLANG_WARN_CONSTANT_CONVERSION = YES;
				CLANG_WARN_DEPRECATED_OBJC_IMPLEMENTATIONS = YES;
				CLANG_WARN_DIRECT_OBJC_ISA_USAGE = YES_ERROR;
				CLANG_WARN_DOCUMENTATION_COMMENTS = YES;
				CLANG_WARN_EMPTY_BODY = YES;
				CLANG_WARN_ENUM_CONVERSION = YES;
				CLANG_WARN_INFINITE_RECURSION = YES;
				CLANG_WARN_INT_CONVERSION = YES;
				CLANG_WARN_NON_LITERAL_NULL_CONVERSION = YES;
				CLANG_WARN_OBJC_IMPLICIT_RETAIN_SELF = YES;
				CLANG_WARN_OBJC_LITERAL_CONVERSION = YES;
				CLANG_WARN_OBJC_ROOT_CLASS = YES_ERROR;
				CLANG_WARN_RANGE_LOOP_ANALYSIS = YES;
				CLANG_WARN_STRICT_PROTOTYPES = YES;
				CLANG_WARN_SUSPICIOUS_MOVE = YES;
				CLANG_WARN_UNGUARDED_AVAILABILITY = YES_AGGRESSIVE;
				CLANG_WARN_UNREACHABLE_CODE = YES;
				CLANG_WARN__DUPLICATE_METHOD_MATCH = YES;
				COPY_PHASE_STRIP = NO;
				DEBUG_INFORMATION_FORMAT = dwarf;
				ENABLE_STRICT_OBJC_MSGSEND = YES;
				ENABLE_TESTABILITY = YES;
				GCC_C_LANGUAGE_STANDARD = gnu11;
				GCC_DYNAMIC_NO_PIC = NO;
				GCC_NO_COMMON_BLOCKS = YES;
				GCC_OPTIMIZATION_LEVEL = 0;
				GCC_PREPROCESSOR_DEFINITIONS = (
					"DEBUG=1",
					"$(inherited)",
				);
				GCC_WARN_64_TO_32_BIT_CONVERSION = YES;
				GCC_WARN_ABOUT_RETURN_TYPE = YES_ERROR;
				GCC_WARN_UNDECLARED_SELECTOR = YES;
				GCC_WARN_UNINITIALIZED_AUTOS = YES_AGGRESSIVE;
				GCC_WARN_UNUSED_FUNCTION = YES;
				GCC_WARN_UNUSED_VARIABLE = YES;
				IPHONEOS_DEPLOYMENT_TARGET = 13.1;
				MTL_ENABLE_DEBUG_INFO = INCLUDE_SOURCE;
				MTL_FAST_MATH = YES;
				ONLY_ACTIVE_ARCH = YES;
				SDKROOT = iphoneos;
			};
			name = Debug;
		};
		B742AD4024A1A1F700A60457 /* Release */ = {
			isa = XCBuildConfiguration;
			buildSettings = {
				ALWAYS_SEARCH_USER_PATHS = NO;
				CLANG_ANALYZER_NONNULL = YES;
				CLANG_ANALYZER_NUMBER_OBJECT_CONVERSION = YES_AGGRESSIVE;
				CLANG_CXX_LANGUAGE_STANDARD = "gnu++14";
				CLANG_CXX_LIBRARY = "libc++";
				CLANG_ENABLE_MODULES = YES;
				CLANG_ENABLE_OBJC_ARC = YES;
				CLANG_ENABLE_OBJC_WEAK = YES;
				CLANG_WARN_BLOCK_CAPTURE_AUTORELEASING = YES;
				CLANG_WARN_BOOL_CONVERSION = YES;
				CLANG_WARN_COMMA = YES;
				CLANG_WARN_CONSTANT_CONVERSION = YES;
				CLANG_WARN_DEPRECATED_OBJC_IMPLEMENTATIONS = YES;
				CLANG_WARN_DIRECT_OBJC_ISA_USAGE = YES_ERROR;
				CLANG_WARN_DOCUMENTATION_COMMENTS = YES;
				CLANG_WARN_EMPTY_BODY = YES;
				CLANG_WARN_ENUM_CONVERSION = YES;
				CLANG_WARN_INFINITE_RECURSION = YES;
				CLANG_WARN_INT_CONVERSION = YES;
				CLANG_WARN_NON_LITERAL_NULL_CONVERSION = YES;
				CLANG_WARN_OBJC_IMPLICIT_RETAIN_SELF = YES;
				CLANG_WARN_OBJC_LITERAL_CONVERSION = YES;
				CLANG_WARN_OBJC_ROOT_CLASS = YES_ERROR;
				CLANG_WARN_RANGE_LOOP_ANALYSIS = YES;
				CLANG_WARN_STRICT_PROTOTYPES = YES;
				CLANG_WARN_SUSPICIOUS_MOVE = YES;
				CLANG_WARN_UNGUARDED_AVAILABILITY = YES_AGGRESSIVE;
				CLANG_WARN_UNREACHABLE_CODE = YES;
				CLANG_WARN__DUPLICATE_METHOD_MATCH = YES;
				COPY_PHASE_STRIP = NO;
				DEBUG_INFORMATION_FORMAT = "dwarf-with-dsym";
				ENABLE_NS_ASSERTIONS = NO;
				ENABLE_STRICT_OBJC_MSGSEND = YES;
				GCC_C_LANGUAGE_STANDARD = gnu11;
				GCC_NO_COMMON_BLOCKS = YES;
				GCC_WARN_64_TO_32_BIT_CONVERSION = YES;
				GCC_WARN_ABOUT_RETURN_TYPE = YES_ERROR;
				GCC_WARN_UNDECLARED_SELECTOR = YES;
				GCC_WARN_UNINITIALIZED_AUTOS = YES_AGGRESSIVE;
				GCC_WARN_UNUSED_FUNCTION = YES;
				GCC_WARN_UNUSED_VARIABLE = YES;
				IPHONEOS_DEPLOYMENT_TARGET = 13.1;
				MTL_ENABLE_DEBUG_INFO = NO;
				MTL_FAST_MATH = YES;
				SDKROOT = iphoneos;
				VALIDATE_PRODUCT = YES;
			};
			name = Release;
		};
		B742AD4224A1A1F700A60457 /* Debug */ = {
			isa = XCBuildConfiguration;
			baseConfigurationReference = 04B670D5155E33BE326F5EB8 /* Pods-Example.debug.xcconfig */;
			buildSettings = {
				ASSETCATALOG_COMPILER_APPICON_NAME = AppIcon;
				CODE_SIGN_STYLE = Automatic;
				DEVELOPMENT_TEAM = ZQ957835CX;
				INFOPLIST_FILE = Example/Info.plist;
				IPHONEOS_DEPLOYMENT_TARGET = 9.0;
				LD_RUNPATH_SEARCH_PATHS = (
					"$(inherited)",
					"@executable_path/Frameworks",
				);
				PRODUCT_BUNDLE_IDENTIFIER = "com.pn-x.Example";
				PRODUCT_NAME = "$(TARGET_NAME)";
				TARGETED_DEVICE_FAMILY = "1,2";
			};
			name = Debug;
		};
		B742AD4324A1A1F700A60457 /* Release */ = {
			isa = XCBuildConfiguration;
			baseConfigurationReference = 4911726E34195410BD3ABA6B /* Pods-Example.release.xcconfig */;
			buildSettings = {
				ASSETCATALOG_COMPILER_APPICON_NAME = AppIcon;
				CODE_SIGN_STYLE = Automatic;
				DEVELOPMENT_TEAM = ZQ957835CX;
				INFOPLIST_FILE = Example/Info.plist;
				IPHONEOS_DEPLOYMENT_TARGET = 9.0;
				LD_RUNPATH_SEARCH_PATHS = (
					"$(inherited)",
					"@executable_path/Frameworks",
				);
				PRODUCT_BUNDLE_IDENTIFIER = "com.pn-x.Example";
				PRODUCT_NAME = "$(TARGET_NAME)";
				TARGETED_DEVICE_FAMILY = "1,2";
			};
			name = Release;
		};
		B742AD4524A1A1F700A60457 /* Debug */ = {
			isa = XCBuildConfiguration;
			baseConfigurationReference = B4EB2A99B515BF6493D89F04 /* Pods-ExampleTests.debug.xcconfig */;
			buildSettings = {
				BUNDLE_LOADER = "$(TEST_HOST)";
				CODE_SIGN_STYLE = Automatic;
				INFOPLIST_FILE = ExampleTests/Info.plist;
				IPHONEOS_DEPLOYMENT_TARGET = 13.1;
				LD_RUNPATH_SEARCH_PATHS = (
					"$(inherited)",
					"@executable_path/Frameworks",
					"@loader_path/Frameworks",
				);
				PRODUCT_BUNDLE_IDENTIFIER = "com.pn-x.ExampleTests";
				PRODUCT_NAME = "$(TARGET_NAME)";
				TARGETED_DEVICE_FAMILY = "1,2";
				TEST_HOST = "$(BUILT_PRODUCTS_DIR)/Example.app/Example";
			};
			name = Debug;
		};
		B742AD4624A1A1F700A60457 /* Release */ = {
			isa = XCBuildConfiguration;
			baseConfigurationReference = D1B3494607DB7E802081C8D9 /* Pods-ExampleTests.release.xcconfig */;
			buildSettings = {
				BUNDLE_LOADER = "$(TEST_HOST)";
				CODE_SIGN_STYLE = Automatic;
				INFOPLIST_FILE = ExampleTests/Info.plist;
				IPHONEOS_DEPLOYMENT_TARGET = 13.1;
				LD_RUNPATH_SEARCH_PATHS = (
					"$(inherited)",
					"@executable_path/Frameworks",
					"@loader_path/Frameworks",
				);
				PRODUCT_BUNDLE_IDENTIFIER = "com.pn-x.ExampleTests";
				PRODUCT_NAME = "$(TARGET_NAME)";
				TARGETED_DEVICE_FAMILY = "1,2";
				TEST_HOST = "$(BUILT_PRODUCTS_DIR)/Example.app/Example";
			};
			name = Release;
		};
		B742AD4824A1A1F700A60457 /* Debug */ = {
			isa = XCBuildConfiguration;
			baseConfigurationReference = 5B45BC8B3F46ABBD53CE4FC2 /* Pods-ExampleUITests.debug.xcconfig */;
			buildSettings = {
				CODE_SIGN_STYLE = Automatic;
				INFOPLIST_FILE = ExampleUITests/Info.plist;
				LD_RUNPATH_SEARCH_PATHS = (
					"$(inherited)",
					"@executable_path/Frameworks",
					"@loader_path/Frameworks",
				);
				PRODUCT_BUNDLE_IDENTIFIER = "com.pn-x.ExampleUITests";
				PRODUCT_NAME = "$(TARGET_NAME)";
				TARGETED_DEVICE_FAMILY = "1,2";
				TEST_TARGET_NAME = Example;
			};
			name = Debug;
		};
		B742AD4924A1A1F700A60457 /* Release */ = {
			isa = XCBuildConfiguration;
			baseConfigurationReference = 628579E71090A193FDDC173E /* Pods-ExampleUITests.release.xcconfig */;
			buildSettings = {
				CODE_SIGN_STYLE = Automatic;
				INFOPLIST_FILE = ExampleUITests/Info.plist;
				LD_RUNPATH_SEARCH_PATHS = (
					"$(inherited)",
					"@executable_path/Frameworks",
					"@loader_path/Frameworks",
				);
				PRODUCT_BUNDLE_IDENTIFIER = "com.pn-x.ExampleUITests";
				PRODUCT_NAME = "$(TARGET_NAME)";
				TARGETED_DEVICE_FAMILY = "1,2";
				TEST_TARGET_NAME = Example;
			};
			name = Release;
		};
/* End XCBuildConfiguration section */

/* Begin XCConfigurationList section */
		B742AD0D24A1A1F400A60457 /* Build configuration list for PBXProject "Example" */ = {
			isa = XCConfigurationList;
			buildConfigurations = (
				B742AD3F24A1A1F700A60457 /* Debug */,
				B742AD4024A1A1F700A60457 /* Release */,
			);
			defaultConfigurationIsVisible = 0;
			defaultConfigurationName = Release;
		};
		B742AD4124A1A1F700A60457 /* Build configuration list for PBXNativeTarget "Example" */ = {
			isa = XCConfigurationList;
			buildConfigurations = (
				B742AD4224A1A1F700A60457 /* Debug */,
				B742AD4324A1A1F700A60457 /* Release */,
			);
			defaultConfigurationIsVisible = 0;
			defaultConfigurationName = Release;
		};
		B742AD4424A1A1F700A60457 /* Build configuration list for PBXNativeTarget "ExampleTests" */ = {
			isa = XCConfigurationList;
			buildConfigurations = (
				B742AD4524A1A1F700A60457 /* Debug */,
				B742AD4624A1A1F700A60457 /* Release */,
			);
			defaultConfigurationIsVisible = 0;
			defaultConfigurationName = Release;
		};
		B742AD4724A1A1F700A60457 /* Build configuration list for PBXNativeTarget "ExampleUITests" */ = {
			isa = XCConfigurationList;
			buildConfigurations = (
				B742AD4824A1A1F700A60457 /* Debug */,
				B742AD4924A1A1F700A60457 /* Release */,
			);
			defaultConfigurationIsVisible = 0;
			defaultConfigurationName = Release;
		};
/* End XCConfigurationList section */
	};
	rootObject = B742AD0A24A1A1F400A60457 /* Project object */;
}
